
Microsoft Visual Studio Solution File, Format Version 12.00
# Visual Studio Version 17
VisualStudioVersion = 17.14.36811.4 d17.14
MinimumVisualStudioVersion = 10.0.40219.1
Project("{FAE04EC0-301F-11D3-BF4B-00C04F79EFBC}") = "VideoChatingApp.WebRTC", "VideoChatingApp.WebRTC.csproj", "{295B14BD-8109-491A-8F59-0B71935D15C1}"
EndProject
Global
	GlobalSection(SolutionConfigurationPlatforms) = preSolution
		Debug|Any CPU = Debug|Any CPU
		Release|Any CPU = Release|Any CPU
	EndGlobalSection
	GlobalSection(ProjectConfigurationPlatforms) = postSolution
		{295B14BD-8109-491A-8F59-0B71935D15C1}.Debug|Any CPU.ActiveCfg = Debug|Any CPU
		{295B14BD-8109-491A-8F59-0B71935D15C1}.Debug|Any CPU.Build.0 = Debug|Any CPU
		{295B14BD-8109-491A-8F59-0B71935D15C1}.Release|Any CPU.ActiveCfg = Release|Any CPU
		{295B14BD-8109-491A-8F59-0B71935D15C1}.Release|Any CPU.Build.0 = Release|Any CPU
	EndGlobalSection
	GlobalSection(SolutionProperties) = preSolution
		HideSolutionNode = FALSE
	EndGlobalSection
	GlobalSection(ExtensibilityGlobals) = postSolution
		SolutionGuid = {501A7654-262A-4C58-8EEE-7F5F590C4AB2}
	EndGlobalSection
EndGlobal
